
Microsoft Visual Studio Solution File, Format Version 12.00
# Visual Studio Version 16
VisualStudioVersion = 16.0.29911.84
MinimumVisualStudioVersion = 10.0.40219.1
Project("{9A19103F-16F7-4668-BE54-9A1E7A4F7556}") = "Auditing", "Auditing\Auditing.csproj", "{4C423A48-8A5D-4B51-A1B5-2F032F53501E}"
EndProject
Project("{9A19103F-16F7-4668-BE54-9A1E7A4F7556}") = "Authentication", "Authentication\Authentication.csproj", "{B3907642-8A18-4DC8-A1BB-E17DCD4FACEA}"
EndProject
Project("{9A19103F-16F7-4668-BE54-9A1E7A4F7556}") = "RESTfulApi", "RESTfulApi\RESTfulApi.csproj", "{BA28B9EC-EB7F-49B1-A9F9-D1085C8035F0}"
EndProject
Project("{9A19103F-16F7-4668-BE54-9A1E7A4F7556}") = "Mailing", "Mailing\Mailing.csproj", "{24263FD6-82A2-4C41-8FFD-4FFA025BD6BE}"
EndProject
Project("{9A19103F-16F7-4668-BE54-9A1E7A4F7556}") = "Shared.Application", "Shared.Application\Shared.Application.csproj", "{20D6D4FD-4D12-4995-B1E2-68ADEDBF4676}"
EndProject
Project("{9A19103F-16F7-4668-BE54-9A1E7A4F7556}") = "Shared.WebApi", "Shared.WebApi\Shared.WebApi.csproj", "{24745F3E-0F4A-49EB-A969-8337330C3EC7}"
EndProject
Project("{9A19103F-16F7-4668-BE54-9A1E7A4F7556}") = "Shared.Infrastructure.CrossCutting", "Shared.Infrastructure.CrossCutting\Shared.Infrastructure.CrossCutting.csproj", "{6401E0BD-3B80-4B01-B6E9-666D38601731}"
EndProject
Project("{9A19103F-16F7-4668-BE54-9A1E7A4F7556}") = "Rendering", "Rendering\Rendering.csproj", "{4AB53D94-1DE1-4A4F-8DD9-C0D0B4A00228}"
EndProject
Project("{FAE04EC0-301F-11D3-BF4B-00C04F79EFBC}") = "Logging", "Logging\Logging.csproj", "{CA475BF0-9607-4023-B5C9-2811FDEB43B6}"
EndProject
Project("{FAE04EC0-301F-11D3-BF4B-00C04F79EFBC}") = "Shared.ApplicationV3", "Shared.ApplicationV3\Shared.ApplicationV3.csproj", "{52FE6A7D-B32B-4278-B148-41A95E971F52}"
EndProject
Project("{FAE04EC0-301F-11D3-BF4B-00C04F79EFBC}") = "Shared.Infrastructure.CrossCuttingV3", "Shared.Infrastructure.CrossCuttingV3\Shared.Infrastructure.CrossCuttingV3.csproj", "{85C582EB-DDFD-46B3-9764-3332AFAA7B22}"
EndProject
Project("{FAE04EC0-301F-11D3-BF4B-00C04F79EFBC}") = "Shared.WebApiV3", "Shared.WebApiV3\Shared.WebApiV3.csproj", "{FA8AF361-53EF-4F5A-98CA-5660715BAB11}"
EndProject
Global
	GlobalSection(SolutionConfigurationPlatforms) = preSolution
		Debug|Any CPU = Debug|Any CPU
		Release|Any CPU = Release|Any CPU
	EndGlobalSection
	GlobalSection(ProjectConfigurationPlatforms) = postSolution
		{4C423A48-8A5D-4B51-A1B5-2F032F53501E}.Debug|Any CPU.ActiveCfg = Debug|Any CPU
		{4C423A48-8A5D-4B51-A1B5-2F032F53501E}.Debug|Any CPU.Build.0 = Debug|Any CPU
		{4C423A48-8A5D-4B51-A1B5-2F032F53501E}.Release|Any CPU.ActiveCfg = Release|Any CPU
		{4C423A48-8A5D-4B51-A1B5-2F032F53501E}.Release|Any CPU.Build.0 = Release|Any CPU
		{B3907642-8A18-4DC8-A1BB-E17DCD4FACEA}.Debug|Any CPU.ActiveCfg = Debug|Any CPU
		{B3907642-8A18-4DC8-A1BB-E17DCD4FACEA}.Debug|Any CPU.Build.0 = Debug|Any CPU
		{B3907642-8A18-4DC8-A1BB-E17DCD4FACEA}.Release|Any CPU.ActiveCfg = Release|Any CPU
		{B3907642-8A18-4DC8-A1BB-E17DCD4FACEA}.Release|Any CPU.Build.0 = Release|Any CPU
		{BA28B9EC-EB7F-49B1-A9F9-D1085C8035F0}.Debug|Any CPU.ActiveCfg = Debug|Any CPU
		{BA28B9EC-EB7F-49B1-A9F9-D1085C8035F0}.Debug|Any CPU.Build.0 = Debug|Any CPU
		{BA28B9EC-EB7F-49B1-A9F9-D1085C8035F0}.Release|Any CPU.ActiveCfg = Release|Any CPU
		{BA28B9EC-EB7F-49B1-A9F9-D1085C8035F0}.Release|Any CPU.Build.0 = Release|Any CPU
		{24263FD6-82A2-4C41-8FFD-4FFA025BD6BE}.Debug|Any CPU.ActiveCfg = Debug|Any CPU
		{24263FD6-82A2-4C41-8FFD-4FFA025BD6BE}.Debug|Any CPU.Build.0 = Debug|Any CPU
		{24263FD6-82A2-4C41-8FFD-4FFA025BD6BE}.Release|Any CPU.ActiveCfg = Release|Any CPU
		{24263FD6-82A2-4C41-8FFD-4FFA025BD6BE}.Release|Any CPU.Build.0 = Release|Any CPU
		{20D6D4FD-4D12-4995-B1E2-68ADEDBF4676}.Debug|Any CPU.ActiveCfg = Debug|Any CPU
		{20D6D4FD-4D12-4995-B1E2-68ADEDBF4676}.Debug|Any CPU.Build.0 = Debug|Any CPU
		{20D6D4FD-4D12-4995-B1E2-68ADEDBF4676}.Release|Any CPU.ActiveCfg = Release|Any CPU
		{20D6D4FD-4D12-4995-B1E2-68ADEDBF4676}.Release|Any CPU.Build.0 = Release|Any CPU
		{24745F3E-0F4A-49EB-A969-8337330C3EC7}.Debug|Any CPU.ActiveCfg = Debug|Any CPU
		{24745F3E-0F4A-49EB-A969-8337330C3EC7}.Debug|Any CPU.Build.0 = Debug|Any CPU
		{24745F3E-0F4A-49EB-A969-8337330C3EC7}.Release|Any CPU.ActiveCfg = Release|Any CPU
		{24745F3E-0F4A-49EB-A969-8337330C3EC7}.Release|Any CPU.Build.0 = Release|Any CPU
		{6401E0BD-3B80-4B01-B6E9-666D38601731}.Debug|Any CPU.ActiveCfg = Debug|Any CPU
		{6401E0BD-3B80-4B01-B6E9-666D38601731}.Debug|Any CPU.Build.0 = Debug|Any CPU
		{6401E0BD-3B80-4B01-B6E9-666D38601731}.Release|Any CPU.ActiveCfg = Release|Any CPU
		{6401E0BD-3B80-4B01-B6E9-666D38601731}.Release|Any CPU.Build.0 = Release|Any CPU
		{4AB53D94-1DE1-4A4F-8DD9-C0D0B4A00228}.Debug|Any CPU.ActiveCfg = Debug|Any CPU
		{4AB53D94-1DE1-4A4F-8DD9-C0D0B4A00228}.Debug|Any CPU.Build.0 = Debug|Any CPU
		{4AB53D94-1DE1-4A4F-8DD9-C0D0B4A00228}.Release|Any CPU.ActiveCfg = Release|Any CPU
		{4AB53D94-1DE1-4A4F-8DD9-C0D0B4A00228}.Release|Any CPU.Build.0 = Release|Any CPU
		{CA475BF0-9607-4023-B5C9-2811FDEB43B6}.Debug|Any CPU.ActiveCfg = Debug|Any CPU
		{CA475BF0-9607-4023-B5C9-2811FDEB43B6}.Debug|Any CPU.Build.0 = Debug|Any CPU
		{CA475BF0-9607-4023-B5C9-2811FDEB43B6}.Release|Any CPU.ActiveCfg = Release|Any CPU
		{CA475BF0-9607-4023-B5C9-2811FDEB43B6}.Release|Any CPU.Build.0 = Release|Any CPU
		{52FE6A7D-B32B-4278-B148-41A95E971F52}.Debug|Any CPU.ActiveCfg = Debug|Any CPU
		{52FE6A7D-B32B-4278-B148-41A95E971F52}.Debug|Any CPU.Build.0 = Debug|Any CPU
		{52FE6A7D-B32B-4278-B148-41A95E971F52}.Release|Any CPU.ActiveCfg = Release|Any CPU
		{52FE6A7D-B32B-4278-B148-41A95E971F52}.Release|Any CPU.Build.0 = Release|Any CPU
		{85C582EB-DDFD-46B3-9764-3332AFAA7B22}.Debug|Any CPU.ActiveCfg = Debug|Any CPU
		{85C582EB-DDFD-46B3-9764-3332AFAA7B22}.Debug|Any CPU.Build.0 = Debug|Any CPU
		{85C582EB-DDFD-46B3-9764-3332AFAA7B22}.Release|Any CPU.ActiveCfg = Release|Any CPU
		{85C582EB-DDFD-46B3-9764-3332AFAA7B22}.Release|Any CPU.Build.0 = Release|Any CPU
		{FA8AF361-53EF-4F5A-98CA-5660715BAB11}.Debug|Any CPU.ActiveCfg = Debug|Any CPU
		{FA8AF361-53EF-4F5A-98CA-5660715BAB11}.Debug|Any CPU.Build.0 = Debug|Any CPU
		{FA8AF361-53EF-4F5A-98CA-5660715BAB11}.Release|Any CPU.ActiveCfg = Release|Any CPU
		{FA8AF361-53EF-4F5A-98CA-5660715BAB11}.Release|Any CPU.Build.0 = Release|Any CPU
	EndGlobalSection
	GlobalSection(SolutionProperties) = preSolution
		HideSolutionNode = FALSE
	EndGlobalSection
	GlobalSection(ExtensibilityGlobals) = postSolution
		SolutionGuid = {0BAE107C-1E75-44E0-A8EF-FE7778AABE28}
	EndGlobalSection
EndGlobal
