
Microsoft Visual Studio Solution File, Format Version 12.00
# Visual Studio 15
VisualStudioVersion = 15.0.28010.2026
MinimumVisualStudioVersion = 10.0.40219.1
Project("{9A19103F-16F7-4668-BE54-9A1E7A4F7556}") = "Auditing", "Auditing\Auditing.csproj", "{4C423A48-8A5D-4B51-A1B5-2F032F53501E}"
EndProject
Project("{9A19103F-16F7-4668-BE54-9A1E7A4F7556}") = "Logging", "Logging\Logging.csproj", "{5ABC06F1-95E5-40A9-9812-618621487CF8}"
EndProject
Project("{9A19103F-16F7-4668-BE54-9A1E7A4F7556}") = "Infrastructure.CrossCutting.LogService", "Infrastructure.CrossCutting.LogService\Infrastructure.CrossCutting.LogService.csproj", "{CAC8EC46-595B-419C-BCE8-6C71EDEACFFF}"
EndProject
Project("{9A19103F-16F7-4668-BE54-9A1E7A4F7556}") = "Authentication", "Authentication\Authentication.csproj", "{B3907642-8A18-4DC8-A1BB-E17DCD4FACEA}"
EndProject
Project("{9A19103F-16F7-4668-BE54-9A1E7A4F7556}") = "RESTfulApi", "RESTfulApi\RESTfulApi.csproj", "{BA28B9EC-EB7F-49B1-A9F9-D1085C8035F0}"
EndProject
Project("{FAE04EC0-301F-11D3-BF4B-00C04F79EFBC}") = "Mailing", "Mailing\Mailing.csproj", "{24263FD6-82A2-4C41-8FFD-4FFA025BD6BE}"
EndProject
Global
	GlobalSection(SolutionConfigurationPlatforms) = preSolution
		Debug|Any CPU = Debug|Any CPU
		Release|Any CPU = Release|Any CPU
	EndGlobalSection
	GlobalSection(ProjectConfigurationPlatforms) = postSolution
		{4C423A48-8A5D-4B51-A1B5-2F032F53501E}.Debug|Any CPU.ActiveCfg = Debug|Any CPU
		{4C423A48-8A5D-4B51-A1B5-2F032F53501E}.Debug|Any CPU.Build.0 = Debug|Any CPU
		{4C423A48-8A5D-4B51-A1B5-2F032F53501E}.Release|Any CPU.ActiveCfg = Release|Any CPU
		{4C423A48-8A5D-4B51-A1B5-2F032F53501E}.Release|Any CPU.Build.0 = Release|Any CPU
		{5ABC06F1-95E5-40A9-9812-618621487CF8}.Debug|Any CPU.ActiveCfg = Debug|Any CPU
		{5ABC06F1-95E5-40A9-9812-618621487CF8}.Debug|Any CPU.Build.0 = Debug|Any CPU
		{5ABC06F1-95E5-40A9-9812-618621487CF8}.Release|Any CPU.ActiveCfg = Release|Any CPU
		{5ABC06F1-95E5-40A9-9812-618621487CF8}.Release|Any CPU.Build.0 = Release|Any CPU
		{CAC8EC46-595B-419C-BCE8-6C71EDEACFFF}.Debug|Any CPU.ActiveCfg = Debug|Any CPU
		{CAC8EC46-595B-419C-BCE8-6C71EDEACFFF}.Debug|Any CPU.Build.0 = Debug|Any CPU
		{CAC8EC46-595B-419C-BCE8-6C71EDEACFFF}.Release|Any CPU.ActiveCfg = Release|Any CPU
		{CAC8EC46-595B-419C-BCE8-6C71EDEACFFF}.Release|Any CPU.Build.0 = Release|Any CPU
		{B3907642-8A18-4DC8-A1BB-E17DCD4FACEA}.Debug|Any CPU.ActiveCfg = Debug|Any CPU
		{B3907642-8A18-4DC8-A1BB-E17DCD4FACEA}.Debug|Any CPU.Build.0 = Debug|Any CPU
		{B3907642-8A18-4DC8-A1BB-E17DCD4FACEA}.Release|Any CPU.ActiveCfg = Release|Any CPU
		{B3907642-8A18-4DC8-A1BB-E17DCD4FACEA}.Release|Any CPU.Build.0 = Release|Any CPU
		{BA28B9EC-EB7F-49B1-A9F9-D1085C8035F0}.Debug|Any CPU.ActiveCfg = Debug|Any CPU
		{BA28B9EC-EB7F-49B1-A9F9-D1085C8035F0}.Debug|Any CPU.Build.0 = Debug|Any CPU
		{BA28B9EC-EB7F-49B1-A9F9-D1085C8035F0}.Release|Any CPU.ActiveCfg = Release|Any CPU
		{BA28B9EC-EB7F-49B1-A9F9-D1085C8035F0}.Release|Any CPU.Build.0 = Release|Any CPU
		{24263FD6-82A2-4C41-8FFD-4FFA025BD6BE}.Debug|Any CPU.ActiveCfg = Debug|Any CPU
		{24263FD6-82A2-4C41-8FFD-4FFA025BD6BE}.Debug|Any CPU.Build.0 = Debug|Any CPU
		{24263FD6-82A2-4C41-8FFD-4FFA025BD6BE}.Release|Any CPU.ActiveCfg = Release|Any CPU
		{24263FD6-82A2-4C41-8FFD-4FFA025BD6BE}.Release|Any CPU.Build.0 = Release|Any CPU
	EndGlobalSection
	GlobalSection(SolutionProperties) = preSolution
		HideSolutionNode = FALSE
	EndGlobalSection
	GlobalSection(ExtensibilityGlobals) = postSolution
		SolutionGuid = {0BAE107C-1E75-44E0-A8EF-FE7778AABE28}
	EndGlobalSection
EndGlobal
