
Microsoft Visual Studio Solution File, Format Version 12.00
# Visual Studio Version 16
VisualStudioVersion = 16.0.29911.84
MinimumVisualStudioVersion = 10.0.40219.1
Project("{9A19103F-16F7-4668-BE54-9A1E7A4F7556}") = "Logging", "Logging\Logging.csproj", "{CA475BF0-9607-4023-B5C9-2811FDEB43B6}"
EndProject
Project("{9A19103F-16F7-4668-BE54-9A1E7A4F7556}") = "Shared.Application", "Shared.Application\Shared.Application.csproj", "{52FE6A7D-B32B-4278-B148-41A95E971F52}"
EndProject
Project("{9A19103F-16F7-4668-BE54-9A1E7A4F7556}") = "Shared.Infrastructure.CrossCutting", "Shared.Infrastructure.CrossCutting\Shared.Infrastructure.CrossCutting.csproj", "{85C582EB-DDFD-46B3-9764-3332AFAA7B22}"
EndProject
Project("{9A19103F-16F7-4668-BE54-9A1E7A4F7556}") = "Shared.WebApi", "Shared.WebApi\Shared.WebApi.csproj", "{FA8AF361-53EF-4F5A-98CA-5660715BAB11}"
EndProject
Project("{9A19103F-16F7-4668-BE54-9A1E7A4F7556}") = "Mailing", "Mailing\Mailing.csproj", "{2592C90B-93D0-4C7F-9FD9-E30F16AE5259}"
EndProject
Project("{9A19103F-16F7-4668-BE54-9A1E7A4F7556}") = "Authentication", "Authentication\Authentication.csproj", "{1EAE7CE5-DC28-4E52-A8AC-585F37C5B9D0}"
EndProject
Project("{9A19103F-16F7-4668-BE54-9A1E7A4F7556}") = "Auditing", "Auditing\Auditing.csproj", "{0F16EE7C-27FD-4F16-8924-F4960A832031}"
EndProject
Project("{9A19103F-16F7-4668-BE54-9A1E7A4F7556}") = "Rendering", "Rendering\Rendering.csproj", "{50141A40-CEED-4424-A529-33130BE1E673}"
EndProject
Global
	GlobalSection(SolutionConfigurationPlatforms) = preSolution
		Debug|Any CPU = Debug|Any CPU
		Release|Any CPU = Release|Any CPU
	EndGlobalSection
	GlobalSection(ProjectConfigurationPlatforms) = postSolution
		{CA475BF0-9607-4023-B5C9-2811FDEB43B6}.Debug|Any CPU.ActiveCfg = Debug|Any CPU
		{CA475BF0-9607-4023-B5C9-2811FDEB43B6}.Debug|Any CPU.Build.0 = Debug|Any CPU
		{CA475BF0-9607-4023-B5C9-2811FDEB43B6}.Release|Any CPU.ActiveCfg = Release|Any CPU
		{CA475BF0-9607-4023-B5C9-2811FDEB43B6}.Release|Any CPU.Build.0 = Release|Any CPU
		{52FE6A7D-B32B-4278-B148-41A95E971F52}.Debug|Any CPU.ActiveCfg = Debug|Any CPU
		{52FE6A7D-B32B-4278-B148-41A95E971F52}.Debug|Any CPU.Build.0 = Debug|Any CPU
		{52FE6A7D-B32B-4278-B148-41A95E971F52}.Release|Any CPU.ActiveCfg = Release|Any CPU
		{52FE6A7D-B32B-4278-B148-41A95E971F52}.Release|Any CPU.Build.0 = Release|Any CPU
		{85C582EB-DDFD-46B3-9764-3332AFAA7B22}.Debug|Any CPU.ActiveCfg = Debug|Any CPU
		{85C582EB-DDFD-46B3-9764-3332AFAA7B22}.Debug|Any CPU.Build.0 = Debug|Any CPU
		{85C582EB-DDFD-46B3-9764-3332AFAA7B22}.Release|Any CPU.ActiveCfg = Release|Any CPU
		{85C582EB-DDFD-46B3-9764-3332AFAA7B22}.Release|Any CPU.Build.0 = Release|Any CPU
		{FA8AF361-53EF-4F5A-98CA-5660715BAB11}.Debug|Any CPU.ActiveCfg = Debug|Any CPU
		{FA8AF361-53EF-4F5A-98CA-5660715BAB11}.Debug|Any CPU.Build.0 = Debug|Any CPU
		{FA8AF361-53EF-4F5A-98CA-5660715BAB11}.Release|Any CPU.ActiveCfg = Release|Any CPU
		{FA8AF361-53EF-4F5A-98CA-5660715BAB11}.Release|Any CPU.Build.0 = Release|Any CPU
		{2592C90B-93D0-4C7F-9FD9-E30F16AE5259}.Debug|Any CPU.ActiveCfg = Debug|Any CPU
		{2592C90B-93D0-4C7F-9FD9-E30F16AE5259}.Debug|Any CPU.Build.0 = Debug|Any CPU
		{2592C90B-93D0-4C7F-9FD9-E30F16AE5259}.Release|Any CPU.ActiveCfg = Release|Any CPU
		{2592C90B-93D0-4C7F-9FD9-E30F16AE5259}.Release|Any CPU.Build.0 = Release|Any CPU
		{1EAE7CE5-DC28-4E52-A8AC-585F37C5B9D0}.Debug|Any CPU.ActiveCfg = Debug|Any CPU
		{1EAE7CE5-DC28-4E52-A8AC-585F37C5B9D0}.Debug|Any CPU.Build.0 = Debug|Any CPU
		{1EAE7CE5-DC28-4E52-A8AC-585F37C5B9D0}.Release|Any CPU.ActiveCfg = Release|Any CPU
		{1EAE7CE5-DC28-4E52-A8AC-585F37C5B9D0}.Release|Any CPU.Build.0 = Release|Any CPU
		{0F16EE7C-27FD-4F16-8924-F4960A832031}.Debug|Any CPU.ActiveCfg = Debug|Any CPU
		{0F16EE7C-27FD-4F16-8924-F4960A832031}.Debug|Any CPU.Build.0 = Debug|Any CPU
		{0F16EE7C-27FD-4F16-8924-F4960A832031}.Release|Any CPU.ActiveCfg = Release|Any CPU
		{0F16EE7C-27FD-4F16-8924-F4960A832031}.Release|Any CPU.Build.0 = Release|Any CPU
		{50141A40-CEED-4424-A529-33130BE1E673}.Debug|Any CPU.ActiveCfg = Debug|Any CPU
		{50141A40-CEED-4424-A529-33130BE1E673}.Debug|Any CPU.Build.0 = Debug|Any CPU
		{50141A40-CEED-4424-A529-33130BE1E673}.Release|Any CPU.ActiveCfg = Release|Any CPU
		{50141A40-CEED-4424-A529-33130BE1E673}.Release|Any CPU.Build.0 = Release|Any CPU
	EndGlobalSection
	GlobalSection(SolutionProperties) = preSolution
		HideSolutionNode = FALSE
	EndGlobalSection
	GlobalSection(ExtensibilityGlobals) = postSolution
		SolutionGuid = {0BAE107C-1E75-44E0-A8EF-FE7778AABE28}
	EndGlobalSection
EndGlobal
